
Microsoft Visual Studio Solution File, Format Version 12.00
# Visual Studio Version 17
VisualStudioVersion = 17.5.002.0
MinimumVisualStudioVersion = 10.0.40219.1
Project("{2150E333-8FDC-42A3-9474-1A3956D46DE8}") = "csharp-prep", "csharp-prep", "{27DA5F52-1094-45A9-B5D7-81EA96DCFDA1}"
EndProject
Project("{9A19103F-16F7-4668-BE54-9A1E7A4F7556}") = "Prep1", "csharp-prep\Prep1\Prep1.csproj", "{CAEBE71E-E2C7-4F43-B110-6316D9FA6D17}"
EndProject
Project("{9A19103F-16F7-4668-BE54-9A1E7A4F7556}") = "Prep2", "csharp-prep\Prep2\Prep2.csproj", "{44136CB4-0ECD-49F8-A5B0-89203D531D7B}"
EndProject
Project("{9A19103F-16F7-4668-BE54-9A1E7A4F7556}") = "Prep3", "csharp-prep\Prep3\Prep3.csproj", "{FBA04F05-BEF6-4554-8A57-FA2DE1F2B3AF}"
EndProject
Project("{9A19103F-16F7-4668-BE54-9A1E7A4F7556}") = "Prep4", "csharp-prep\Prep4\Prep4.csproj", "{61E209C3-3CF4-4675-9A73-DEB30D19D729}"
EndProject
Project("{9A19103F-16F7-4668-BE54-9A1E7A4F7556}") = "Prep5", "csharp-prep\Prep5\Prep5.csproj", "{144D15B1-4995-4873-A32D-6A8474258E3B}"
EndProject
Project("{2150E333-8FDC-42A3-9474-1A3956D46DE8}") = "final", "final", "{24DD39AD-2010-4F0E-8CA8-D493F5FE467D}"
EndProject
Project("{9A19103F-16F7-4668-BE54-9A1E7A4F7556}") = "FinalProject", "final\FinalProject\FinalProject.csproj", "{E185C18D-0D3F-4CB6-9251-A38963BD66C2}"
EndProject
Project("{9A19103F-16F7-4668-BE54-9A1E7A4F7556}") = "Foundation1", "final\Foundation1\Foundation1.csproj", "{72A9F2B3-533A-4B5C-9C98-868E6AB01ADA}"
EndProject
Project("{9A19103F-16F7-4668-BE54-9A1E7A4F7556}") = "Foundation2", "final\Foundation2\Foundation2.csproj", "{3F513AB3-A808-4963-9593-6E396C5C94EF}"
EndProject
Project("{9A19103F-16F7-4668-BE54-9A1E7A4F7556}") = "Foundation3", "final\Foundation3\Foundation3.csproj", "{E161F431-C8BC-4D38-B5DA-7A250F0EAB3B}"
EndProject
Project("{9A19103F-16F7-4668-BE54-9A1E7A4F7556}") = "Foundation4", "final\Foundation4\Foundation4.csproj", "{7A8161D5-084A-4997-BC35-BB18C86884DE}"
EndProject
Project("{2150E333-8FDC-42A3-9474-1A3956D46DE8}") = "prepare", "prepare", "{3A0A692E-8813-4E17-B9F6-A4A698FB8774}"
EndProject
Project("{9A19103F-16F7-4668-BE54-9A1E7A4F7556}") = "Learning02", "prepare\Learning02\Learning02.csproj", "{B9BD02E6-AFD2-4CB2-AB59-0A49D2692087}"
EndProject
Project("{9A19103F-16F7-4668-BE54-9A1E7A4F7556}") = "Learning03", "prepare\Learning03\Learning03.csproj", "{DAFD6967-F899-480B-8854-E09F3D573B6D}"
EndProject
Project("{9A19103F-16F7-4668-BE54-9A1E7A4F7556}") = "Learning04", "prepare\Learning04\Learning04.csproj", "{9858F686-3224-4FB4-9AEA-7B0C1B22C571}"
EndProject
Project("{9A19103F-16F7-4668-BE54-9A1E7A4F7556}") = "Learning05", "prepare\Learning05\Learning05.csproj", "{1A5B5B95-AD8F-41FC-BCEE-1BFFB6574D8A}"
EndProject
Project("{2150E333-8FDC-42A3-9474-1A3956D46DE8}") = "prove", "prove", "{7BB663D7-2152-4E1C-980E-4580622FBF16}"
EndProject
Project("{9A19103F-16F7-4668-BE54-9A1E7A4F7556}") = "Develop02", "prove\Develop02\Develop02.csproj", "{7A982435-436D-467C-BFE1-4AB3F7B2842A}"
EndProject
Project("{9A19103F-16F7-4668-BE54-9A1E7A4F7556}") = "Develop03", "prove\Develop03\Develop03.csproj", "{03C8EEDA-366E-4BFB-A8CB-2EBABE92DE79}"
EndProject
Project("{9A19103F-16F7-4668-BE54-9A1E7A4F7556}") = "Develop04", "prove\Develop04\Develop04.csproj", "{FF06BA86-D315-436B-8B87-F4569872F30F}"
EndProject
Project("{9A19103F-16F7-4668-BE54-9A1E7A4F7556}") = "Develop05", "prove\Develop05\Develop05.csproj", "{278B648E-BC4E-4E06-B582-15CCB6524E32}"
EndProject
Project("{2150E333-8FDC-42A3-9474-1A3956D46DE8}") = "sandbox", "sandbox", "{A17F224C-E8B7-4AA2-B94C-B61A3B06421D}"
EndProject
Project("{9A19103F-16F7-4668-BE54-9A1E7A4F7556}") = "Sandbox", "sandbox\Sandbox\Sandbox.csproj", "{705EB411-2BF6-4696-B20D-8B4B778EBFEB}"
EndProject
Global
	GlobalSection(SolutionConfigurationPlatforms) = preSolution
		Debug|Any CPU = Debug|Any CPU
		Release|Any CPU = Release|Any CPU
	EndGlobalSection
	GlobalSection(ProjectConfigurationPlatforms) = postSolution
		{CAEBE71E-E2C7-4F43-B110-6316D9FA6D17}.Debug|Any CPU.ActiveCfg = Debug|Any CPU
		{CAEBE71E-E2C7-4F43-B110-6316D9FA6D17}.Debug|Any CPU.Build.0 = Debug|Any CPU
		{CAEBE71E-E2C7-4F43-B110-6316D9FA6D17}.Release|Any CPU.ActiveCfg = Release|Any CPU
		{CAEBE71E-E2C7-4F43-B110-6316D9FA6D17}.Release|Any CPU.Build.0 = Release|Any CPU
		{44136CB4-0ECD-49F8-A5B0-89203D531D7B}.Debug|Any CPU.ActiveCfg = Debug|Any CPU
		{44136CB4-0ECD-49F8-A5B0-89203D531D7B}.Debug|Any CPU.Build.0 = Debug|Any CPU
		{44136CB4-0ECD-49F8-A5B0-89203D531D7B}.Release|Any CPU.ActiveCfg = Release|Any CPU
		{44136CB4-0ECD-49F8-A5B0-89203D531D7B}.Release|Any CPU.Build.0 = Release|Any CPU
		{FBA04F05-BEF6-4554-8A57-FA2DE1F2B3AF}.Debug|Any CPU.ActiveCfg = Debug|Any CPU
		{FBA04F05-BEF6-4554-8A57-FA2DE1F2B3AF}.Debug|Any CPU.Build.0 = Debug|Any CPU
		{FBA04F05-BEF6-4554-8A57-FA2DE1F2B3AF}.Release|Any CPU.ActiveCfg = Release|Any CPU
		{FBA04F05-BEF6-4554-8A57-FA2DE1F2B3AF}.Release|Any CPU.Build.0 = Release|Any CPU
		{61E209C3-3CF4-4675-9A73-DEB30D19D729}.Debug|Any CPU.ActiveCfg = Debug|Any CPU
		{61E209C3-3CF4-4675-9A73-DEB30D19D729}.Debug|Any CPU.Build.0 = Debug|Any CPU
		{61E209C3-3CF4-4675-9A73-DEB30D19D729}.Release|Any CPU.ActiveCfg = Release|Any CPU
		{61E209C3-3CF4-4675-9A73-DEB30D19D729}.Release|Any CPU.Build.0 = Release|Any CPU
		{144D15B1-4995-4873-A32D-6A8474258E3B}.Debug|Any CPU.ActiveCfg = Debug|Any CPU
		{144D15B1-4995-4873-A32D-6A8474258E3B}.Debug|Any CPU.Build.0 = Debug|Any CPU
		{144D15B1-4995-4873-A32D-6A8474258E3B}.Release|Any CPU.ActiveCfg = Release|Any CPU
		{144D15B1-4995-4873-A32D-6A8474258E3B}.Release|Any CPU.Build.0 = Release|Any CPU
		{E185C18D-0D3F-4CB6-9251-A38963BD66C2}.Debug|Any CPU.ActiveCfg = Debug|Any CPU
		{E185C18D-0D3F-4CB6-9251-A38963BD66C2}.Debug|Any CPU.Build.0 = Debug|Any CPU
		{E185C18D-0D3F-4CB6-9251-A38963BD66C2}.Release|Any CPU.ActiveCfg = Release|Any CPU
		{E185C18D-0D3F-4CB6-9251-A38963BD66C2}.Release|Any CPU.Build.0 = Release|Any CPU
		{72A9F2B3-533A-4B5C-9C98-868E6AB01ADA}.Debug|Any CPU.ActiveCfg = Debug|Any CPU
		{72A9F2B3-533A-4B5C-9C98-868E6AB01ADA}.Debug|Any CPU.Build.0 = Debug|Any CPU
		{72A9F2B3-533A-4B5C-9C98-868E6AB01ADA}.Release|Any CPU.ActiveCfg = Release|Any CPU
		{72A9F2B3-533A-4B5C-9C98-868E6AB01ADA}.Release|Any CPU.Build.0 = Release|Any CPU
		{3F513AB3-A808-4963-9593-6E396C5C94EF}.Debug|Any CPU.ActiveCfg = Debug|Any CPU
		{3F513AB3-A808-4963-9593-6E396C5C94EF}.Debug|Any CPU.Build.0 = Debug|Any CPU
		{3F513AB3-A808-4963-9593-6E396C5C94EF}.Release|Any CPU.ActiveCfg = Release|Any CPU
		{3F513AB3-A808-4963-9593-6E396C5C94EF}.Release|Any CPU.Build.0 = Release|Any CPU
		{E161F431-C8BC-4D38-B5DA-7A250F0EAB3B}.Debug|Any CPU.ActiveCfg = Debug|Any CPU
		{E161F431-C8BC-4D38-B5DA-7A250F0EAB3B}.Debug|Any CPU.Build.0 = Debug|Any CPU
		{E161F431-C8BC-4D38-B5DA-7A250F0EAB3B}.Release|Any CPU.ActiveCfg = Release|Any CPU
		{E161F431-C8BC-4D38-B5DA-7A250F0EAB3B}.Release|Any CPU.Build.0 = Release|Any CPU
		{7A8161D5-084A-4997-BC35-BB18C86884DE}.Debug|Any CPU.ActiveCfg = Debug|Any CPU
		{7A8161D5-084A-4997-BC35-BB18C86884DE}.Debug|Any CPU.Build.0 = Debug|Any CPU
		{7A8161D5-084A-4997-BC35-BB18C86884DE}.Release|Any CPU.ActiveCfg = Release|Any CPU
		{7A8161D5-084A-4997-BC35-BB18C86884DE}.Release|Any CPU.Build.0 = Release|Any CPU
		{B9BD02E6-AFD2-4CB2-AB59-0A49D2692087}.Debug|Any CPU.ActiveCfg = Debug|Any CPU
		{B9BD02E6-AFD2-4CB2-AB59-0A49D2692087}.Debug|Any CPU.Build.0 = Debug|Any CPU
		{B9BD02E6-AFD2-4CB2-AB59-0A49D2692087}.Release|Any CPU.ActiveCfg = Release|Any CPU
		{B9BD02E6-AFD2-4CB2-AB59-0A49D2692087}.Release|Any CPU.Build.0 = Release|Any CPU
		{DAFD6967-F899-480B-8854-E09F3D573B6D}.Debug|Any CPU.ActiveCfg = Debug|Any CPU
		{DAFD6967-F899-480B-8854-E09F3D573B6D}.Debug|Any CPU.Build.0 = Debug|Any CPU
		{DAFD6967-F899-480B-8854-E09F3D573B6D}.Release|Any CPU.ActiveCfg = Release|Any CPU
		{DAFD6967-F899-480B-8854-E09F3D573B6D}.Release|Any CPU.Build.0 = Release|Any CPU
		{9858F686-3224-4FB4-9AEA-7B0C1B22C571}.Debug|Any CPU.ActiveCfg = Debug|Any CPU
		{9858F686-3224-4FB4-9AEA-7B0C1B22C571}.Debug|Any CPU.Build.0 = Debug|Any CPU
		{9858F686-3224-4FB4-9AEA-7B0C1B22C571}.Release|Any CPU.ActiveCfg = Release|Any CPU
		{9858F686-3224-4FB4-9AEA-7B0C1B22C571}.Release|Any CPU.Build.0 = Release|Any CPU
		{1A5B5B95-AD8F-41FC-BCEE-1BFFB6574D8A}.Debug|Any CPU.ActiveCfg = Debug|Any CPU
		{1A5B5B95-AD8F-41FC-BCEE-1BFFB6574D8A}.Debug|Any CPU.Build.0 = Debug|Any CPU
		{1A5B5B95-AD8F-41FC-BCEE-1BFFB6574D8A}.Release|Any CPU.ActiveCfg = Release|Any CPU
		{1A5B5B95-AD8F-41FC-BCEE-1BFFB6574D8A}.Release|Any CPU.Build.0 = Release|Any CPU
		{7A982435-436D-467C-BFE1-4AB3F7B2842A}.Debug|Any CPU.ActiveCfg = Debug|Any CPU
		{7A982435-436D-467C-BFE1-4AB3F7B2842A}.Debug|Any CPU.Build.0 = Debug|Any CPU
		{7A982435-436D-467C-BFE1-4AB3F7B2842A}.Release|Any CPU.ActiveCfg = Release|Any CPU
		{7A982435-436D-467C-BFE1-4AB3F7B2842A}.Release|Any CPU.Build.0 = Release|Any CPU
		{03C8EEDA-366E-4BFB-A8CB-2EBABE92DE79}.Debug|Any CPU.ActiveCfg = Debug|Any CPU
		{03C8EEDA-366E-4BFB-A8CB-2EBABE92DE79}.Debug|Any CPU.Build.0 = Debug|Any CPU
		{03C8EEDA-366E-4BFB-A8CB-2EBABE92DE79}.Release|Any CPU.ActiveCfg = Release|Any CPU
		{03C8EEDA-366E-4BFB-A8CB-2EBABE92DE79}.Release|Any CPU.Build.0 = Release|Any CPU
		{FF06BA86-D315-436B-8B87-F4569872F30F}.Debug|Any CPU.ActiveCfg = Debug|Any CPU
		{FF06BA86-D315-436B-8B87-F4569872F30F}.Debug|Any CPU.Build.0 = Debug|Any CPU
		{FF06BA86-D315-436B-8B87-F4569872F30F}.Release|Any CPU.ActiveCfg = Release|Any CPU
		{FF06BA86-D315-436B-8B87-F4569872F30F}.Release|Any CPU.Build.0 = Release|Any CPU
		{278B648E-BC4E-4E06-B582-15CCB6524E32}.Debug|Any CPU.ActiveCfg = Debug|Any CPU
		{278B648E-BC4E-4E06-B582-15CCB6524E32}.Debug|Any CPU.Build.0 = Debug|Any CPU
		{278B648E-BC4E-4E06-B582-15CCB6524E32}.Release|Any CPU.ActiveCfg = Release|Any CPU
		{278B648E-BC4E-4E06-B582-15CCB6524E32}.Release|Any CPU.Build.0 = Release|Any CPU
		{705EB411-2BF6-4696-B20D-8B4B778EBFEB}.Debug|Any CPU.ActiveCfg = Debug|Any CPU
		{705EB411-2BF6-4696-B20D-8B4B778EBFEB}.Debug|Any CPU.Build.0 = Debug|Any CPU
		{705EB411-2BF6-4696-B20D-8B4B778EBFEB}.Release|Any CPU.ActiveCfg = Release|Any CPU
		{705EB411-2BF6-4696-B20D-8B4B778EBFEB}.Release|Any CPU.Build.0 = Release|Any CPU
	EndGlobalSection
	GlobalSection(SolutionProperties) = preSolution
		HideSolutionNode = FALSE
	EndGlobalSection
	GlobalSection(NestedProjects) = preSolution
		{CAEBE71E-E2C7-4F43-B110-6316D9FA6D17} = {27DA5F52-1094-45A9-B5D7-81EA96DCFDA1}
		{44136CB4-0ECD-49F8-A5B0-89203D531D7B} = {27DA5F52-1094-45A9-B5D7-81EA96DCFDA1}
		{FBA04F05-BEF6-4554-8A57-FA2DE1F2B3AF} = {27DA5F52-1094-45A9-B5D7-81EA96DCFDA1}
		{61E209C3-3CF4-4675-9A73-DEB30D19D729} = {27DA5F52-1094-45A9-B5D7-81EA96DCFDA1}
		{144D15B1-4995-4873-A32D-6A8474258E3B} = {27DA5F52-1094-45A9-B5D7-81EA96DCFDA1}
		{E185C18D-0D3F-4CB6-9251-A38963BD66C2} = {24DD39AD-2010-4F0E-8CA8-D493F5FE467D}
		{72A9F2B3-533A-4B5C-9C98-868E6AB01ADA} = {24DD39AD-2010-4F0E-8CA8-D493F5FE467D}
		{3F513AB3-A808-4963-9593-6E396C5C94EF} = {24DD39AD-2010-4F0E-8CA8-D493F5FE467D}
		{E161F431-C8BC-4D38-B5DA-7A250F0EAB3B} = {24DD39AD-2010-4F0E-8CA8-D493F5FE467D}
		{7A8161D5-084A-4997-BC35-BB18C86884DE} = {24DD39AD-2010-4F0E-8CA8-D493F5FE467D}
		{B9BD02E6-AFD2-4CB2-AB59-0A49D2692087} = {3A0A692E-8813-4E17-B9F6-A4A698FB8774}
		{DAFD6967-F899-480B-8854-E09F3D573B6D} = {3A0A692E-8813-4E17-B9F6-A4A698FB8774}
		{9858F686-3224-4FB4-9AEA-7B0C1B22C571} = {3A0A692E-8813-4E17-B9F6-A4A698FB8774}
		{1A5B5B95-AD8F-41FC-BCEE-1BFFB6574D8A} = {3A0A692E-8813-4E17-B9F6-A4A698FB8774}
		{7A982435-436D-467C-BFE1-4AB3F7B2842A} = {7BB663D7-2152-4E1C-980E-4580622FBF16}
		{03C8EEDA-366E-4BFB-A8CB-2EBABE92DE79} = {7BB663D7-2152-4E1C-980E-4580622FBF16}
		{FF06BA86-D315-436B-8B87-F4569872F30F} = {7BB663D7-2152-4E1C-980E-4580622FBF16}
		{278B648E-BC4E-4E06-B582-15CCB6524E32} = {7BB663D7-2152-4E1C-980E-4580622FBF16}
		{705EB411-2BF6-4696-B20D-8B4B778EBFEB} = {A17F224C-E8B7-4AA2-B94C-B61A3B06421D}
	EndGlobalSection
	GlobalSection(ExtensibilityGlobals) = postSolution
		SolutionGuid = {FBC5AFA5-D710-4858-B21F-51AFA693FDE9}
	EndGlobalSection
EndGlobal
